
Microsoft Visual Studio Solution File, Format Version 12.00
# Visual Studio Version 17
VisualStudioVersion = 17.9.34607.119
MinimumVisualStudioVersion = 10.0.40219.1
Project("{2150E333-8FDC-42A3-9474-1A3956D46DE8}") = "src", "src", "{18CD1CC3-4D4A-44DD-8D09-1619D64343E4}"
EndProject
Project("{2150E333-8FDC-42A3-9474-1A3956D46DE8}") = "test", "test", "{A1834193-B7B1-4671-805A-E8DEFFB1BC52}"
EndProject
Project("{2150E333-8FDC-42A3-9474-1A3956D46DE8}") = "core", "core", "{61D91E9A-AB14-4C35-B264-5B062F595B7D}"
EndProject
Project("{2150E333-8FDC-42A3-9474-1A3956D46DE8}") = "api", "api", "{C6297693-E678-4BB1-AE63-70F0251179DA}"
EndProject
Project("{2150E333-8FDC-42A3-9474-1A3956D46DE8}") = "infrastructure", "infrastructure", "{E7D430EA-FA0D-42B5-90E0-18010C36960B}"
EndProject
Project("{9A19103F-16F7-4668-BE54-9A1E7A4F7556}") = "TicketShopping.Domain", "src\core\TicketShopping.Domain\TicketShopping.Domain.csproj", "{41A0EC24-B150-452F-A223-FB50859B2351}"
EndProject
Project("{9A19103F-16F7-4668-BE54-9A1E7A4F7556}") = "TicketShopping.Application.Contracts", "src\core\TicketShopping.Application.Contracts\TicketShopping.Application.Contracts.csproj", "{E1DCAC2A-14F2-4F3B-8506-E2BC5128ABFE}"
EndProject
Project("{9A19103F-16F7-4668-BE54-9A1E7A4F7556}") = "TicketShopping.Application", "src\core\TicketShopping.Application\TicketShopping.Application.csproj", "{6B585136-2538-4AD4-B38F-0F4B85406C33}"
EndProject
Project("{9A19103F-16F7-4668-BE54-9A1E7A4F7556}") = "TicketShopping.WebApi", "src\api\TicketShopping.WebApi\TicketShopping.WebApi.csproj", "{9C416C2F-F38B-415B-BBA0-29D61320122C}"
EndProject
Project("{2150E333-8FDC-42A3-9474-1A3956D46DE8}") = "persistence", "persistence", "{536B9E16-4F4E-47F5-B717-CFA9894E9C10}"
EndProject
Project("{9A19103F-16F7-4668-BE54-9A1E7A4F7556}") = "TicketShopping.Persistence.Repositories", "src\infrastructure\TicketShopping.Persistence.Repositories\TicketShopping.Persistence.Repositories.csproj", "{107738F7-54BA-41FE-AD6A-16E01E1B4BF6}"
EndProject
Project("{9A19103F-16F7-4668-BE54-9A1E7A4F7556}") = "TicketShopping.Persistence.Entities", "src\infrastructure\TicketShopping.Persistence.Entities\TicketShopping.Persistence.Entities.csproj", "{4A5D233A-9AE5-4F50-A430-E7F7FF22DEC5}"
EndProject
Project("{9A19103F-16F7-4668-BE54-9A1E7A4F7556}") = "TicketShopping.Persistence.Migrator.MySql", "src\infrastructure\TicketShopping.Persistence.Migrator.MySql\TicketShopping.Persistence.Migrator.MySql.csproj", "{EDCD1709-54D3-435C-856D-728244AFBDFA}"
EndProject
Project("{9A19103F-16F7-4668-BE54-9A1E7A4F7556}") = "TicketShopping.Persistence.Repositories.DI", "src\infrastructure\TicketShopping.Persistence.Repositories.DI\TicketShopping.Persistence.Repositories.DI.csproj", "{14170DCF-9E78-4D48-9E49-2E417F035311}"
EndProject
Project("{2150E333-8FDC-42A3-9474-1A3956D46DE8}") = "integration", "integration", "{D383A72B-0B5A-4105-A4EB-B4CFE69E2B03}"
EndProject
Project("{FAE04EC0-301F-11D3-BF4B-00C04F79EFBC}") = "TicketShopping.Integration.Aviationstack", "src\integration\TicketShopping.Integration.Aviationstack\TicketShopping.Integration.Aviationstack.csproj", "{1D6C0B2B-7D55-494B-BC38-01853AF0EB55}"
EndProject
Global
	GlobalSection(SolutionConfigurationPlatforms) = preSolution
		Debug|Any CPU = Debug|Any CPU
		Release|Any CPU = Release|Any CPU
	EndGlobalSection
	GlobalSection(ProjectConfigurationPlatforms) = postSolution
		{41A0EC24-B150-452F-A223-FB50859B2351}.Debug|Any CPU.ActiveCfg = Debug|Any CPU
		{41A0EC24-B150-452F-A223-FB50859B2351}.Debug|Any CPU.Build.0 = Debug|Any CPU
		{41A0EC24-B150-452F-A223-FB50859B2351}.Release|Any CPU.ActiveCfg = Release|Any CPU
		{41A0EC24-B150-452F-A223-FB50859B2351}.Release|Any CPU.Build.0 = Release|Any CPU
		{E1DCAC2A-14F2-4F3B-8506-E2BC5128ABFE}.Debug|Any CPU.ActiveCfg = Debug|Any CPU
		{E1DCAC2A-14F2-4F3B-8506-E2BC5128ABFE}.Debug|Any CPU.Build.0 = Debug|Any CPU
		{E1DCAC2A-14F2-4F3B-8506-E2BC5128ABFE}.Release|Any CPU.ActiveCfg = Release|Any CPU
		{E1DCAC2A-14F2-4F3B-8506-E2BC5128ABFE}.Release|Any CPU.Build.0 = Release|Any CPU
		{6B585136-2538-4AD4-B38F-0F4B85406C33}.Debug|Any CPU.ActiveCfg = Debug|Any CPU
		{6B585136-2538-4AD4-B38F-0F4B85406C33}.Debug|Any CPU.Build.0 = Debug|Any CPU
		{6B585136-2538-4AD4-B38F-0F4B85406C33}.Release|Any CPU.ActiveCfg = Release|Any CPU
		{6B585136-2538-4AD4-B38F-0F4B85406C33}.Release|Any CPU.Build.0 = Release|Any CPU
		{9C416C2F-F38B-415B-BBA0-29D61320122C}.Debug|Any CPU.ActiveCfg = Debug|Any CPU
		{9C416C2F-F38B-415B-BBA0-29D61320122C}.Debug|Any CPU.Build.0 = Debug|Any CPU
		{9C416C2F-F38B-415B-BBA0-29D61320122C}.Release|Any CPU.ActiveCfg = Release|Any CPU
		{9C416C2F-F38B-415B-BBA0-29D61320122C}.Release|Any CPU.Build.0 = Release|Any CPU
		{107738F7-54BA-41FE-AD6A-16E01E1B4BF6}.Debug|Any CPU.ActiveCfg = Debug|Any CPU
		{107738F7-54BA-41FE-AD6A-16E01E1B4BF6}.Debug|Any CPU.Build.0 = Debug|Any CPU
		{107738F7-54BA-41FE-AD6A-16E01E1B4BF6}.Release|Any CPU.ActiveCfg = Release|Any CPU
		{107738F7-54BA-41FE-AD6A-16E01E1B4BF6}.Release|Any CPU.Build.0 = Release|Any CPU
		{4A5D233A-9AE5-4F50-A430-E7F7FF22DEC5}.Debug|Any CPU.ActiveCfg = Debug|Any CPU
		{4A5D233A-9AE5-4F50-A430-E7F7FF22DEC5}.Debug|Any CPU.Build.0 = Debug|Any CPU
		{4A5D233A-9AE5-4F50-A430-E7F7FF22DEC5}.Release|Any CPU.ActiveCfg = Release|Any CPU
		{4A5D233A-9AE5-4F50-A430-E7F7FF22DEC5}.Release|Any CPU.Build.0 = Release|Any CPU
		{EDCD1709-54D3-435C-856D-728244AFBDFA}.Debug|Any CPU.ActiveCfg = Debug|Any CPU
		{EDCD1709-54D3-435C-856D-728244AFBDFA}.Debug|Any CPU.Build.0 = Debug|Any CPU
		{EDCD1709-54D3-435C-856D-728244AFBDFA}.Release|Any CPU.ActiveCfg = Release|Any CPU
		{EDCD1709-54D3-435C-856D-728244AFBDFA}.Release|Any CPU.Build.0 = Release|Any CPU
		{14170DCF-9E78-4D48-9E49-2E417F035311}.Debug|Any CPU.ActiveCfg = Debug|Any CPU
		{14170DCF-9E78-4D48-9E49-2E417F035311}.Debug|Any CPU.Build.0 = Debug|Any CPU
		{14170DCF-9E78-4D48-9E49-2E417F035311}.Release|Any CPU.ActiveCfg = Release|Any CPU
		{14170DCF-9E78-4D48-9E49-2E417F035311}.Release|Any CPU.Build.0 = Release|Any CPU
		{1D6C0B2B-7D55-494B-BC38-01853AF0EB55}.Debug|Any CPU.ActiveCfg = Debug|Any CPU
		{1D6C0B2B-7D55-494B-BC38-01853AF0EB55}.Debug|Any CPU.Build.0 = Debug|Any CPU
		{1D6C0B2B-7D55-494B-BC38-01853AF0EB55}.Release|Any CPU.ActiveCfg = Release|Any CPU
		{1D6C0B2B-7D55-494B-BC38-01853AF0EB55}.Release|Any CPU.Build.0 = Release|Any CPU
	EndGlobalSection
	GlobalSection(SolutionProperties) = preSolution
		HideSolutionNode = FALSE
	EndGlobalSection
	GlobalSection(NestedProjects) = preSolution
		{61D91E9A-AB14-4C35-B264-5B062F595B7D} = {18CD1CC3-4D4A-44DD-8D09-1619D64343E4}
		{C6297693-E678-4BB1-AE63-70F0251179DA} = {18CD1CC3-4D4A-44DD-8D09-1619D64343E4}
		{E7D430EA-FA0D-42B5-90E0-18010C36960B} = {18CD1CC3-4D4A-44DD-8D09-1619D64343E4}
		{41A0EC24-B150-452F-A223-FB50859B2351} = {61D91E9A-AB14-4C35-B264-5B062F595B7D}
		{E1DCAC2A-14F2-4F3B-8506-E2BC5128ABFE} = {61D91E9A-AB14-4C35-B264-5B062F595B7D}
		{6B585136-2538-4AD4-B38F-0F4B85406C33} = {61D91E9A-AB14-4C35-B264-5B062F595B7D}
		{9C416C2F-F38B-415B-BBA0-29D61320122C} = {C6297693-E678-4BB1-AE63-70F0251179DA}
		{536B9E16-4F4E-47F5-B717-CFA9894E9C10} = {E7D430EA-FA0D-42B5-90E0-18010C36960B}
		{107738F7-54BA-41FE-AD6A-16E01E1B4BF6} = {536B9E16-4F4E-47F5-B717-CFA9894E9C10}
		{4A5D233A-9AE5-4F50-A430-E7F7FF22DEC5} = {536B9E16-4F4E-47F5-B717-CFA9894E9C10}
		{EDCD1709-54D3-435C-856D-728244AFBDFA} = {536B9E16-4F4E-47F5-B717-CFA9894E9C10}
		{14170DCF-9E78-4D48-9E49-2E417F035311} = {536B9E16-4F4E-47F5-B717-CFA9894E9C10}
		{D383A72B-0B5A-4105-A4EB-B4CFE69E2B03} = {18CD1CC3-4D4A-44DD-8D09-1619D64343E4}
		{1D6C0B2B-7D55-494B-BC38-01853AF0EB55} = {D383A72B-0B5A-4105-A4EB-B4CFE69E2B03}
	EndGlobalSection
	GlobalSection(ExtensibilityGlobals) = postSolution
		SolutionGuid = {FF915A17-9335-46C6-BC28-A99B835A0DAC}
	EndGlobalSection
EndGlobal
